// !$*UTF8*$!
{
	archiveVersion = 1;
	classes = {
	};
	objectVersion = 46;
	objects = {

/* Begin PBXBuildFile section */
		C72A56DFBEAAE36BC15DD04C /* Pods_PocketMole.framework in Frameworks */ = {isa = PBXBuildFile; fileRef = 10548691CD4DFF173CBE0B90 /* Pods_PocketMole.framework */; };
		F576BD181F2F42B900CDABAD /* AppDelegate.swift in Sources */ = {isa = PBXBuildFile; fileRef = F576BD171F2F42B900CDABAD /* AppDelegate.swift */; };
		F576BD1A1F2F42B900CDABAD /* ViewController.swift in Sources */ = {isa = PBXBuildFile; fileRef = F576BD191F2F42B900CDABAD /* ViewController.swift */; };
		F576BD1D1F2F42B900CDABAD /* Main.storyboard in Resources */ = {isa = PBXBuildFile; fileRef = F576BD1B1F2F42B900CDABAD /* Main.storyboard */; };
		F576BD1F1F2F42B900CDABAD /* Assets.xcassets in Resources */ = {isa = PBXBuildFile; fileRef = F576BD1E1F2F42B900CDABAD /* Assets.xcassets */; };
		F576BD221F2F42B900CDABAD /* LaunchScreen.storyboard in Resources */ = {isa = PBXBuildFile; fileRef = F576BD201F2F42B900CDABAD /* LaunchScreen.storyboard */; };
		F5E57A221F2F43AE0078DE9F /* Cell.swift in Sources */ = {isa = PBXBuildFile; fileRef = F5E57A211F2F43AE0078DE9F /* Cell.swift */; };
		F5E57A241F2F4F9A0078DE9F /* Rule.swift in Sources */ = {isa = PBXBuildFile; fileRef = F5E57A231F2F4F9A0078DE9F /* Rule.swift */; };
/* End PBXBuildFile section */

/* Begin PBXFileReference section */
		10548691CD4DFF173CBE0B90 /* Pods_PocketMole.framework */ = {isa = PBXFileReference; explicitFileType = wrapper.framework; includeInIndex = 0; path = Pods_PocketMole.framework; sourceTree = BUILT_PRODUCTS_DIR; };
		4E2428A88832A5707DFE968F /* Pods-PocketMole.debug.xcconfig */ = {isa = PBXFileReference; includeInIndex = 1; lastKnownFileType = text.xcconfig; name = "Pods-PocketMole.debug.xcconfig"; path = "Pods/Target Support Files/Pods-PocketMole/Pods-PocketMole.debug.xcconfig"; sourceTree = "<group>"; };
		C01036C1110BAF9BA1B03490 /* Pods-PocketMole.release.xcconfig */ = {isa = PBXFileReference; includeInIndex = 1; lastKnownFileType = text.xcconfig; name = "Pods-PocketMole.release.xcconfig"; path = "Pods/Target Support Files/Pods-PocketMole/Pods-PocketMole.release.xcconfig"; sourceTree = "<group>"; };
		F576BD141F2F42B900CDABAD /* PocketMole.app */ = {isa = PBXFileReference; explicitFileType = wrapper.application; includeInIndex = 0; path = PocketMole.app; sourceTree = BUILT_PRODUCTS_DIR; };
		F576BD171F2F42B900CDABAD /* AppDelegate.swift */ = {isa = PBXFileReference; lastKnownFileType = sourcecode.swift; path = AppDelegate.swift; sourceTree = "<group>"; };
		F576BD191F2F42B900CDABAD /* ViewController.swift */ = {isa = PBXFileReference; lastKnownFileType = sourcecode.swift; path = ViewController.swift; sourceTree = "<group>"; };
		F576BD1C1F2F42B900CDABAD /* Base */ = {isa = PBXFileReference; lastKnownFileType = file.storyboard; name = Base; path = Base.lproj/Main.storyboard; sourceTree = "<group>"; };
		F576BD1E1F2F42B900CDABAD /* Assets.xcassets */ = {isa = PBXFileReference; lastKnownFileType = folder.assetcatalog; path = Assets.xcassets; sourceTree = "<group>"; };
		F576BD211F2F42B900CDABAD /* Base */ = {isa = PBXFileReference; lastKnownFileType = file.storyboard; name = Base; path = Base.lproj/LaunchScreen.storyboard; sourceTree = "<group>"; };
		F576BD231F2F42B900CDABAD /* Info.plist */ = {isa = PBXFileReference; lastKnownFileType = text.plist.xml; path = Info.plist; sourceTree = "<group>"; };
		F5E57A211F2F43AE0078DE9F /* Cell.swift */ = {isa = PBXFileReference; fileEncoding = 4; lastKnownFileType = sourcecode.swift; path = Cell.swift; sourceTree = "<group>"; };
		F5E57A231F2F4F9A0078DE9F /* Rule.swift */ = {isa = PBXFileReference; fileEncoding = 4; lastKnownFileType = sourcecode.swift; path = Rule.swift; sourceTree = "<group>"; };
/* End PBXFileReference section */

/* Begin PBXFrameworksBuildPhase section */
		F576BD111F2F42B900CDABAD /* Frameworks */ = {
			isa = PBXFrameworksBuildPhase;
			buildActionMask = 2147483647;
			files = (
				C72A56DFBEAAE36BC15DD04C /* Pods_PocketMole.framework in Frameworks */,
			);
			runOnlyForDeploymentPostprocessing = 0;
		};
/* End PBXFrameworksBuildPhase section */

/* Begin PBXGroup section */
		09C8D0607C8F49C805E09909 /* Frameworks */ = {
			isa = PBXGroup;
			children = (
				10548691CD4DFF173CBE0B90 /* Pods_PocketMole.framework */,
			);
			name = Frameworks;
			sourceTree = "<group>";
		};
		BA1FE55F7423175DB313771D /* Pods */ = {
			isa = PBXGroup;
			children = (
				4E2428A88832A5707DFE968F /* Pods-PocketMole.debug.xcconfig */,
				C01036C1110BAF9BA1B03490 /* Pods-PocketMole.release.xcconfig */,
			);
			name = Pods;
			sourceTree = "<group>";
		};
		F576BD0B1F2F42B900CDABAD = {
			isa = PBXGroup;
			children = (
				F576BD161F2F42B900CDABAD /* PocketMole */,
				F576BD151F2F42B900CDABAD /* Products */,
				BA1FE55F7423175DB313771D /* Pods */,
				09C8D0607C8F49C805E09909 /* Frameworks */,
			);
			sourceTree = "<group>";
		};
		F576BD151F2F42B900CDABAD /* Products */ = {
			isa = PBXGroup;
			children = (
				F576BD141F2F42B900CDABAD /* PocketMole.app */,
			);
			name = Products;
			sourceTree = "<group>";
		};
		F576BD161F2F42B900CDABAD /* PocketMole */ = {
			isa = PBXGroup;
			children = (
				F576BD171F2F42B900CDABAD /* AppDelegate.swift */,
				F576BD191F2F42B900CDABAD /* ViewController.swift */,
				F576BD1B1F2F42B900CDABAD /* Main.storyboard */,
				F576BD1E1F2F42B900CDABAD /* Assets.xcassets */,
				F576BD201F2F42B900CDABAD /* LaunchScreen.storyboard */,
				F576BD231F2F42B900CDABAD /* Info.plist */,
				F5E57A211F2F43AE0078DE9F /* Cell.swift */,
				F5E57A231F2F4F9A0078DE9F /* Rule.swift */,
			);
			path = PocketMole;
			sourceTree = "<group>";
		};
/* End PBXGroup section */

/* Begin PBXNativeTarget section */
		F576BD131F2F42B900CDABAD /* PocketMole */ = {
			isa = PBXNativeTarget;
			buildConfigurationList = F576BD261F2F42B900CDABAD /* Build configuration list for PBXNativeTarget "PocketMole" */;
			buildPhases = (
				F14DF16AB4941DFB037CF944 /* [CP] Check Pods Manifest.lock */,
				F576BD101F2F42B900CDABAD /* Sources */,
				F576BD111F2F42B900CDABAD /* Frameworks */,
				F576BD121F2F42B900CDABAD /* Resources */,
				4E8BC1BB16CBAC6AE756E9E3 /* [CP] Embed Pods Frameworks */,
				A31526C8225267074DB3B99F /* [CP] Copy Pods Resources */,
			);
			buildRules = (
			);
			dependencies = (
			);
			name = PocketMole;
			productName = PocketMole;
			productReference = F576BD141F2F42B900CDABAD /* PocketMole.app */;
			productType = "com.apple.product-type.application";
		};
/* End PBXNativeTarget section */

/* Begin PBXProject section */
		F576BD0C1F2F42B900CDABAD /* Project object */ = {
			isa = PBXProject;
			attributes = {
				LastSwiftUpdateCheck = 0830;
				LastUpgradeCheck = 0830;
				ORGANIZATIONNAME = dianqk;
				TargetAttributes = {
					F576BD131F2F42B900CDABAD = {
						CreatedOnToolsVersion = 8.3.3;
						DevelopmentTeam = RML58CN62D;
						ProvisioningStyle = Automatic;
					};
				};
			};
			buildConfigurationList = F576BD0F1F2F42B900CDABAD /* Build configuration list for PBXProject "PocketMole" */;
			compatibilityVersion = "Xcode 3.2";
			developmentRegion = English;
			hasScannedForEncodings = 0;
			knownRegions = (
				en,
				Base,
			);
			mainGroup = F576BD0B1F2F42B900CDABAD;
			productRefGroup = F576BD151F2F42B900CDABAD /* Products */;
			projectDirPath = "";
			projectRoot = "";
			targets = (
				F576BD131F2F42B900CDABAD /* PocketMole */,
			);
		};
/* End PBXProject section */

/* Begin PBXResourcesBuildPhase section */
		F576BD121F2F42B900CDABAD /* Resources */ = {
			isa = PBXResourcesBuildPhase;
			buildActionMask = 2147483647;
			files = (
				F576BD221F2F42B900CDABAD /* LaunchScreen.storyboard in Resources */,
				F576BD1F1F2F42B900CDABAD /* Assets.xcassets in Resources */,
				F576BD1D1F2F42B900CDABAD /* Main.storyboard in Resources */,
			);
			runOnlyForDeploymentPostprocessing = 0;
		};
/* End PBXResourcesBuildPhase section */

/* Begin PBXShellScriptBuildPhase section */
		4E8BC1BB16CBAC6AE756E9E3 /* [CP] Embed Pods Frameworks */ = {
			isa = PBXShellScriptBuildPhase;
			buildActionMask = 2147483647;
			files = (
			);
			inputPaths = (
			);
			name = "[CP] Embed Pods Frameworks";
			outputPaths = (
			);
			runOnlyForDeploymentPostprocessing = 0;
			shellPath = /bin/sh;
			shellScript = "\"${SRCROOT}/Pods/Target Support Files/Pods-PocketMole/Pods-PocketMole-frameworks.sh\"\n";
			showEnvVarsInLog = 0;
		};
		A31526C8225267074DB3B99F /* [CP] Copy Pods Resources */ = {
			isa = PBXShellScriptBuildPhase;
			buildActionMask = 2147483647;
			files = (
			);
			inputPaths = (
			);
			name = "[CP] Copy Pods Resources";
			outputPaths = (
			);
			runOnlyForDeploymentPostprocessing = 0;
			shellPath = /bin/sh;
			shellScript = "\"${SRCROOT}/Pods/Target Support Files/Pods-PocketMole/Pods-PocketMole-resources.sh\"\n";
			showEnvVarsInLog = 0;
		};
		F14DF16AB4941DFB037CF944 /* [CP] Check Pods Manifest.lock */ = {
			isa = PBXShellScriptBuildPhase;
			buildActionMask = 2147483647;
			files = (
			);
			inputPaths = (
			);
			name = "[CP] Check Pods Manifest.lock";
			outputPaths = (
			);
			runOnlyForDeploymentPostprocessing = 0;
			shellPath = /bin/sh;
			shellScript = "diff \"${PODS_PODFILE_DIR_PATH}/Podfile.lock\" \"${PODS_ROOT}/Manifest.lock\" > /dev/null\nif [ $? != 0 ] ; then\n    # print error to STDERR\n    echo \"error: The sandbox is not in sync with the Podfile.lock. Run 'pod install' or update your CocoaPods installation.\" >&2\n    exit 1\nfi\n";
			showEnvVarsInLog = 0;
		};
/* End PBXShellScriptBuildPhase section */

/* Begin PBXSourcesBuildPhase section */
		F576BD101F2F42B900CDABAD /* Sources */ = {
			isa = PBXSourcesBuildPhase;
			buildActionMask = 2147483647;
			files = (
				F576BD1A1F2F42B900CDABAD /* ViewController.swift in Sources */,
				F5E57A241F2F4F9A0078DE9F /* Rule.swift in Sources */,
				F576BD181F2F42B900CDABAD /* AppDelegate.swift in Sources */,
				F5E57A221F2F43AE0078DE9F /* Cell.swift in Sources */,
			);
			runOnlyForDeploymentPostprocessing = 0;
		};
/* End PBXSourcesBuildPhase section */

/* Begin PBXVariantGroup section */
		F576BD1B1F2F42B900CDABAD /* Main.storyboard */ = {
			isa = PBXVariantGroup;
			children = (
				F576BD1C1F2F42B900CDABAD /* Base */,
			);
			name = Main.storyboard;
			sourceTree = "<group>";
		};
		F576BD201F2F42B900CDABAD /* LaunchScreen.storyboard */ = {
			isa = PBXVariantGroup;
			children = (
				F576BD211F2F42B900CDABAD /* Base */,
			);
			name = LaunchScreen.storyboard;
			sourceTree = "<group>";
		};
/* End PBXVariantGroup section */

/* Begin XCBuildConfiguration section */
		F576BD241F2F42B900CDABAD /* Debug */ = {
			isa = XCBuildConfiguration;
			buildSettings = {
				ALWAYS_SEARCH_USER_PATHS = NO;
				CLANG_ANALYZER_NONNULL = YES;
				CLANG_ANALYZER_NUMBER_OBJECT_CONVERSION = YES_AGGRESSIVE;
				CLANG_CXX_LANGUAGE_STANDARD = "gnu++0x";
				CLANG_CXX_LIBRARY = "libc++";
				CLANG_ENABLE_MODULES = YES;
				CLANG_ENABLE_OBJC_ARC = YES;
				CLANG_WARN_BOOL_CONVERSION = YES;
				CLANG_WARN_CONSTANT_CONVERSION = YES;
				CLANG_WARN_DIRECT_OBJC_ISA_USAGE = YES_ERROR;
				CLANG_WARN_DOCUMENTATION_COMMENTS = YES;
				CLANG_WARN_EMPTY_BODY = YES;
				CLANG_WARN_ENUM_CONVERSION = YES;
				CLANG_WARN_INFINITE_RECURSION = YES;
				CLANG_WARN_INT_CONVERSION = YES;
				CLANG_WARN_OBJC_ROOT_CLASS = YES_ERROR;
				CLANG_WARN_SUSPICIOUS_MOVE = YES;
				CLANG_WARN_UNREACHABLE_CODE = YES;
				CLANG_WARN__DUPLICATE_METHOD_MATCH = YES;
				"CODE_SIGN_IDENTITY[sdk=iphoneos*]" = "iPhone Developer";
				COPY_PHASE_STRIP = NO;
				DEBUG_INFORMATION_FORMAT = dwarf;
				ENABLE_STRICT_OBJC_MSGSEND = YES;
				ENABLE_TESTABILITY = YES;
				GCC_C_LANGUAGE_STANDARD = gnu99;
				GCC_DYNAMIC_NO_PIC = NO;
				GCC_NO_COMMON_BLOCKS = YES;
				GCC_OPTIMIZATION_LEVEL = 0;
				GCC_PREPROCESSOR_DEFINITIONS = (
					"DEBUG=1",
					"$(inherited)",
				);
				GCC_WARN_64_TO_32_BIT_CONVERSION = YES;
				GCC_WARN_ABOUT_RETURN_TYPE = YES_ERROR;
				GCC_WARN_UNDECLARED_SELECTOR = YES;
				GCC_WARN_UNINITIALIZED_AUTOS = YES_AGGRESSIVE;
				GCC_WARN_UNUSED_FUNCTION = YES;
				GCC_WARN_UNUSED_VARIABLE = YES;
				IPHONEOS_DEPLOYMENT_TARGET = 10.3;
				MTL_ENABLE_DEBUG_INFO = YES;
				ONLY_ACTIVE_ARCH = YES;
				SDKROOT = iphoneos;
				SWIFT_ACTIVE_COMPILATION_CONDITIONS = DEBUG;
				SWIFT_OPTIMIZATION_LEVEL = "-Onone";
			};
			name = Debug;
		};
		F576BD251F2F42B900CDABAD /* Release */ = {
			isa = XCBuildConfiguration;
			buildSettings = {
				ALWAYS_SEARCH_USER_PATHS = NO;
				CLANG_ANALYZER_NONNULL = YES;
				CLANG_ANALYZER_NUMBER_OBJECT_CONVERSION = YES_AGGRESSIVE;
				CLANG_CXX_LANGUAGE_STANDARD = "gnu++0x";
				CLANG_CXX_LIBRARY = "libc++";
				CLANG_ENABLE_MODULES = YES;
				CLANG_ENABLE_OBJC_ARC = YES;
				CLANG_WARN_BOOL_CONVERSION = YES;
				CLANG_WARN_CONSTANT_CONVERSION = YES;
				CLANG_WARN_DIRECT_OBJC_ISA_USAGE = YES_ERROR;
				CLANG_WARN_DOCUMENTATION_COMMENTS = YES;
				CLANG_WARN_EMPTY_BODY = YES;
				CLANG_WARN_ENUM_CONVERSION = YES;
				CLANG_WARN_INFINITE_RECURSION = YES;
				CLANG_WARN_INT_CONVERSION = YES;
				CLANG_WARN_OBJC_ROOT_CLASS = YES_ERROR;
				CLANG_WARN_SUSPICIOUS_MOVE = YES;
				CLANG_WARN_UNREACHABLE_CODE = YES;
				CLANG_WARN__DUPLICATE_METHOD_MATCH = YES;
				"CODE_SIGN_IDENTITY[sdk=iphoneos*]" = "iPhone Developer";
				COPY_PHASE_STRIP = NO;
				DEBUG_INFORMATION_FORMAT = "dwarf-with-dsym";
				ENABLE_NS_ASSERTIONS = NO;
				ENABLE_STRICT_OBJC_MSGSEND = YES;
				GCC_C_LANGUAGE_STANDARD = gnu99;
				GCC_NO_COMMON_BLOCKS = YES;
				GCC_WARN_64_TO_32_BIT_CONVERSION = YES;
				GCC_WARN_ABOUT_RETURN_TYPE = YES_ERROR;
				GCC_WARN_UNDECLARED_SELECTOR = YES;
				GCC_WARN_UNINITIALIZED_AUTOS = YES_AGGRESSIVE;
				GCC_WARN_UNUSED_FUNCTION = YES;
				GCC_WARN_UNUSED_VARIABLE = YES;
				IPHONEOS_DEPLOYMENT_TARGET = 10.3;
				MTL_ENABLE_DEBUG_INFO = NO;
				SDKROOT = iphoneos;
				SWIFT_OPTIMIZATION_LEVEL = "-Owholemodule";
				VALIDATE_PRODUCT = YES;
			};
			name = Release;
		};
		F576BD271F2F42B900CDABAD /* Debug */ = {
			isa = XCBuildConfiguration;
			baseConfigurationReference = 4E2428A88832A5707DFE968F /* Pods-PocketMole.debug.xcconfig */;
			buildSettings = {
				ASSETCATALOG_COMPILER_APPICON_NAME = AppIcon;
				DEVELOPMENT_TEAM = RML58CN62D;
				INFOPLIST_FILE = PocketMole/Info.plist;
				LD_RUNPATH_SEARCH_PATHS = "$(inherited) @executable_path/Frameworks";
				PRODUCT_BUNDLE_IDENTIFIER = org.dianqk.PocketMole;
				PRODUCT_NAME = "$(TARGET_NAME)";
				SWIFT_VERSION = 3.0;
			};
			name = Debug;
		};
		F576BD281F2F42B900CDABAD /* Release */ = {
			isa = XCBuildConfiguration;
			baseConfigurationReference = C01036C1110BAF9BA1B03490 /* Pods-PocketMole.release.xcconfig */;
			buildSettings = {
				ASSETCATALOG_COMPILER_APPICON_NAME = AppIcon;
				DEVELOPMENT_TEAM = RML58CN62D;
				INFOPLIST_FILE = PocketMole/Info.plist;
				LD_RUNPATH_SEARCH_PATHS = "$(inherited) @executable_path/Frameworks";
				PRODUCT_BUNDLE_IDENTIFIER = org.dianqk.PocketMole;
				PRODUCT_NAME = "$(TARGET_NAME)";
				SWIFT_VERSION = 3.0;
			};
			name = Release;
		};
/* End XCBuildConfiguration section */

/* Begin XCConfigurationList section */
		F576BD0F1F2F42B900CDABAD /* Build configuration list for PBXProject "PocketMole" */ = {
			isa = XCConfigurationList;
			buildConfigurations = (
				F576BD241F2F42B900CDABAD /* Debug */,
				F576BD251F2F42B900CDABAD /* Release */,
			);
			defaultConfigurationIsVisible = 0;
			defaultConfigurationName = Release;
		};
		F576BD261F2F42B900CDABAD /* Build configuration list for PBXNativeTarget "PocketMole" */ = {
			isa = XCConfigurationList;
			buildConfigurations = (
				F576BD271F2F42B900CDABAD /* Debug */,
				F576BD281F2F42B900CDABAD /* Release */,
			);
			defaultConfigurationIsVisible = 0;
			defaultConfigurationName = Release;
		};
/* End XCConfigurationList section */
	};
	rootObject = F576BD0C1F2F42B900CDABAD /* Project object */;
}
